{
  "name": "configure-aliyun-credentials",
  "version": "1.0.2",
  "lockfileVersion": 3,
  "requires": true,
  "packages": {
    "": {
      "name": "configure-aliyun-credentials",
      "version": "1.0.2",
      "license": "MIT",
      "dependencies": {
        "@actions/core": "^1.10.1",
        "@alicloud/credentials": "^2.3.1"
      },
      "devDependencies": {
        "@vercel/ncc": "^0.38.1"
      }
    },
    "node_modules/@actions/core": {
      "version": "1.10.1",
      "resolved": "https://registry.npmjs.org/@actions/core/-/core-1.10.1.tgz",
      "integrity": "sha512-3lBR9EDAY+iYIpTnTIXmWcNbX3T2kCkAEQGIQx4NVQ0575nk2k3GRZDTPQG+vVtS2izSLmINlxXf0uLtnrTP+g==",
      "dependencies": {
        "@actions/http-client": "^2.0.1",
        "uuid": "^8.3.2"
      }
    },
    "node_modules/@actions/http-client": {
      "version": "2.1.1",
      "resolved": "https://registry.npmjs.org/@actions/http-client/-/http-client-2.1.1.tgz",
      "integrity": "sha512-qhrkRMB40bbbLo7gF+0vu+X+UawOvQQqNAA/5Unx774RS8poaOhThDOG6BGmxvAnxhQnDp2BG/ZUm65xZILTpw==",
      "dependencies": {
        "tunnel": "^0.0.6"
      }
    },
    "node_modules/@alicloud/credentials": {
      "version": "2.3.1",
      "resolved": "https://registry.npmjs.org/@alicloud/credentials/-/credentials-2.3.1.tgz",
      "integrity": "sha512-FK8N1YNVqUGOl7qOFn8h3zTwv2Tj8ON3459XXnJkAa08YBECj8o/V81D/ubxpX0yZub4RVKjknxNSHEbrASc+A==",
      "dependencies": {
        "@alicloud/tea-typescript": "^1.5.3",
        "httpx": "^2.2.0",
        "ini": "^1.3.5",
        "kitx": "^2.0.0"
      }
    },
    "node_modules/@alicloud/tea-typescript": {
      "version": "1.8.0",
      "resolved": "https://registry.npmjs.org/@alicloud/tea-typescript/-/tea-typescript-1.8.0.tgz",
      "integrity": "sha512-CWXWaquauJf0sW30mgJRVu9aaXyBth5uMBCUc+5vKTK1zlgf3hIqRUjJZbjlwHwQ5y9anwcu18r48nOZb7l2QQ==",
      "dependencies": {
        "@types/node": "^12.0.2",
        "httpx": "^2.2.6"
      }
    },
    "node_modules/@types/node": {
      "version": "12.20.55",
      "resolved": "https://registry.npmjs.org/@types/node/-/node-12.20.55.tgz",
      "integrity": "sha512-J8xLz7q2OFulZ2cyGTLE1TbbZcjpno7FaN6zdJNrgAdrJ+DZzh/uFR6YrTb4C+nXakvud8Q4+rbhoIWlYQbUFQ=="
    },
    "node_modules/@vercel/ncc": {
      "version": "0.38.1",
      "resolved": "https://registry.npmjs.org/@vercel/ncc/-/ncc-0.38.1.tgz",
      "integrity": "sha512-IBBb+iI2NLu4VQn3Vwldyi2QwaXt5+hTyh58ggAMoCGE6DJmPvwL3KPBWcJl1m9LYPChBLE980Jw+CS4Wokqxw==",
      "dev": true,
      "bin": {
        "ncc": "dist/ncc/cli.js"
      }
    },
    "node_modules/debug": {
      "version": "4.3.4",
      "resolved": "https://registry.npmjs.org/debug/-/debug-4.3.4.tgz",
      "integrity": "sha512-PRWFHuSU3eDtQJPvnNY7Jcket1j0t5OuOsFzPPzsekD52Zl8qUfFIPEiswXqIvHWGVHOgX+7G/vCNNhehwxfkQ==",
      "dependencies": {
        "ms": "2.1.2"
      },
      "engines": {
        "node": ">=6.0"
      },
      "peerDependenciesMeta": {
        "supports-color": {
          "optional": true
        }
      }
    },
    "node_modules/httpx": {
      "version": "2.2.7",
      "resolved": "https://registry.npmjs.org/httpx/-/httpx-2.2.7.tgz",
      "integrity": "sha512-Wjh2JOAah0pdczfqL8NC5378G7jMt0Zcpn8U+yyxAiejjlagzSTQgJHuVvka2VNPQlKfoGehYRc79WKq9E4gDw==",
      "dependencies": {
        "@types/node": "^14",
        "debug": "^4.1.1"
      }
    },
    "node_modules/httpx/node_modules/@types/node": {
      "version": "14.18.56",
      "resolved": "https://registry.npmjs.org/@types/node/-/node-14.18.56.tgz",
      "integrity": "sha512-+k+57NVS9opgrEn5l9c0gvD1r6C+PtyhVE4BTnMMRwiEA8ZO8uFcs6Yy2sXIy0eC95ZurBtRSvhZiHXBysbl6w=="
    },
    "node_modules/ini": {
      "version": "1.3.8",
      "resolved": "https://registry.npmjs.org/ini/-/ini-1.3.8.tgz",
      "integrity": "sha512-JV/yugV2uzW5iMRSiZAyDtQd+nxtUnjeLt0acNdw98kKLrvuRVyB80tsREOE7yvGVgalhZ6RNXCmEHkUKBKxew=="
    },
    "node_modules/kitx": {
      "version": "2.1.0",
      "resolved": "https://registry.npmjs.org/kitx/-/kitx-2.1.0.tgz",
      "integrity": "sha512-C/5v9MtIX7aHGOjwn5BmrrbNkJSf7i0R5mRzmh13GSAdRqQ7bYQo/Su2pTYNylFicqKNTVX3HML9k1u8k51+pQ==",
      "dependencies": {
        "@types/node": "^12.0.2"
      }
    },
    "node_modules/ms": {
      "version": "2.1.2",
      "resolved": "https://registry.npmjs.org/ms/-/ms-2.1.2.tgz",
      "integrity": "sha512-sGkPx+VjMtmA6MX27oA4FBFELFCZZ4S4XqeGOXCv68tT+jb3vk/RyaKWP0PTKyWtmLSM0b+adUTEvbs1PEaH2w=="
    },
    "node_modules/tunnel": {
      "version": "0.0.6",
      "resolved": "https://registry.npmjs.org/tunnel/-/tunnel-0.0.6.tgz",
      "integrity": "sha512-1h/Lnq9yajKY2PEbBadPXj3VxsDDu844OnaAo52UVmIzIvwwtBPIuNvkjuzBlTWpfJyUbG3ez0KSBibQkj4ojg==",
      "engines": {
        "node": ">=0.6.11 <=0.7.0 || >=0.7.3"
      }
    },
    "node_modules/uuid": {
      "version": "8.3.2",
      "resolved": "https://registry.npmjs.org/uuid/-/uuid-8.3.2.tgz",
      "integrity": "sha512-+NYs2QeMWy+GWFOEm9xnn6HCDp0l7QBD7ml8zLUmJ+93Q5NF0NocErnwkTkXVFNiX3/fpC6afS8Dhb/gz7R7eg==",
      "bin": {
        "uuid": "dist/bin/uuid"
      }
    }
  }
}
